
Microsoft Visual Studio Solution File, Format Version 12.00
# Visual Studio 15
VisualStudioVersion = 15.0.28307.1259
MinimumVisualStudioVersion = 10.0.40219.1
Project("{FAE04EC0-301F-11D3-BF4B-00C04F79EFBC}") = "WCS.Entity", "WCS.Model\WCS.Entity.csproj", "{80E1F47A-3365-4D72-9E2C-A8423E4B6B87}"
EndProject
Project("{FAE04EC0-301F-11D3-BF4B-00C04F79EFBC}") = "WCS.DbClient", "WCS.DbClient\WCS.DbClient.csproj", "{BBC0F391-F8E6-4B62-A3FE-506E2C71220B}"
EndProject
Project("{FAE04EC0-301F-11D3-BF4B-00C04F79EFBC}") = "WCS.Biz", "WCS.Biz\WCS.Biz.csproj", "{E6143057-990D-4722-B3F8-0C488C83E353}"
EndProject
Project("{FAE04EC0-301F-11D3-BF4B-00C04F79EFBC}") = "WCS.Biz.Alarm", "WCS.Biz.Alarm\WCS.Biz.Alarm.csproj", "{FF1D8C06-B00F-4A2E-B89B-4DC87FCAAC54}"
EndProject
Project("{FAE04EC0-301F-11D3-BF4B-00C04F79EFBC}") = "WCS.Biz.BPallet", "WCS.Biz.BPallet\WCS.Biz.BPallet.csproj", "{D1C54E13-BF00-4B1B-BF58-80A74170429D}"
EndProject
Project("{FAE04EC0-301F-11D3-BF4B-00C04F79EFBC}") = "WCS.Biz.Cache", "WCS.Biz.Cache\WCS.Biz.Cache.csproj", "{C9247101-EF49-4B80-918F-666425667A60}"
EndProject
Project("{FAE04EC0-301F-11D3-BF4B-00C04F79EFBC}") = "WCS.Biz.PdIn", "WCS.Biz.PdIn\WCS.Biz.PdIn.csproj", "{9305581C-F1BF-408F-8FB9-460800524238}"
EndProject
Project("{FAE04EC0-301F-11D3-BF4B-00C04F79EFBC}") = "WCS.Biz.OutPut", "WCS.Biz.OutPut\WCS.Biz.OutPut.csproj", "{1D5A3012-CA46-4EED-A2E9-FF87A0A7A7E0}"
EndProject
Project("{FAE04EC0-301F-11D3-BF4B-00C04F79EFBC}") = "WCS.Biz.PdOut", "WCS.Biz.PdOut\WCS.Biz.PdOut.csproj", "{4DC843CE-D63E-4F1D-8DC1-14F98E8FAA03}"
EndProject
Project("{FAE04EC0-301F-11D3-BF4B-00C04F79EFBC}") = "WCS.Biz.Split", "WCS.Biz.Split\WCS.Biz.Split.csproj", "{C9E1709E-0094-4D2B-8F37-CAE4EFD104DF}"
EndProject
Project("{FAE04EC0-301F-11D3-BF4B-00C04F79EFBC}") = "WCS.Biz.TransIn", "WCS.Biz.TransIn\WCS.Biz.TransIn.csproj", "{4E178AF4-EAAA-48D0-B2EF-5A51B70D6D2A}"
EndProject
Project("{FAE04EC0-301F-11D3-BF4B-00C04F79EFBC}") = "WCS.Biz.TransOut", "WCS.Biz.TransOut\WCS.Biz.TransOut.csproj", "{4A20732B-901A-4F21-A5CE-61DC167EADFA}"
EndProject
Project("{FAE04EC0-301F-11D3-BF4B-00C04F79EFBC}") = "WCS.OpcHelper", "WCS.OpcHelper\WCS.OpcHelper.csproj", "{7EB161F9-5761-4AAE-83D8-B58FCB82B848}"
EndProject
Project("{FAE04EC0-301F-11D3-BF4B-00C04F79EFBC}") = "WCS.MyControl", "WCS.MyControl\WCS.MyControl.csproj", "{18BF80E4-F675-4697-9D7C-5263702C1C66}"
EndProject
Project("{FAE04EC0-301F-11D3-BF4B-00C04F79EFBC}") = "WCS.Trans.A11", "WCS.Trans.A11\WCS.Trans.A11.csproj", "{8E2061E7-E706-48CF-8281-BF42E3052F37}"
EndProject
Project("{FAE04EC0-301F-11D3-BF4B-00C04F79EFBC}") = "WCS.Trans.B11", "WCS.Trans.B11\WCS.Trans.B11.csproj", "{EDD7DC96-1CFB-4DF1-B148-83EE429E571C}"
EndProject
Project("{FAE04EC0-301F-11D3-BF4B-00C04F79EFBC}") = "WCS.Trans.D11", "WCS.Trans.D11\WCS.Trans.D11.csproj", "{F26B8C7D-6D6D-44C5-A630-145AFC904371}"
EndProject
Project("{FAE04EC0-301F-11D3-BF4B-00C04F79EFBC}") = "WCS.Trans.E11", "WCS.Trans.E11\WCS.Trans.E11.csproj", "{7046C2CA-2656-4C4A-90F6-CD87491A948C}"
EndProject
Project("{FAE04EC0-301F-11D3-BF4B-00C04F79EFBC}") = "WCS.Trans.F11", "WCS.Trans.F11\WCS.Trans.F11.csproj", "{2DC48AB7-70BB-491B-838C-171A1FECCEE7}"
EndProject
Project("{FAE04EC0-301F-11D3-BF4B-00C04F79EFBC}") = "WCS.Trans.G11", "WCS.Trans.G11\WCS.Trans.G11.csproj", "{7CCF48E1-B197-48E5-AB4D-2B4A60C4876A}"
EndProject
Project("{FAE04EC0-301F-11D3-BF4B-00C04F79EFBC}") = "WCS.Trans.H11", "WCS.Trans.H11\WCS.Trans.H11.csproj", "{92C84682-78F4-42D2-B0FC-58755F60BA5D}"
EndProject
Global
	GlobalSection(SolutionConfigurationPlatforms) = preSolution
		Debug|Any CPU = Debug|Any CPU
		Release|Any CPU = Release|Any CPU
	EndGlobalSection
	GlobalSection(ProjectConfigurationPlatforms) = postSolution
		{80E1F47A-3365-4D72-9E2C-A8423E4B6B87}.Debug|Any CPU.ActiveCfg = Debug|Any CPU
		{80E1F47A-3365-4D72-9E2C-A8423E4B6B87}.Debug|Any CPU.Build.0 = Debug|Any CPU
		{80E1F47A-3365-4D72-9E2C-A8423E4B6B87}.Release|Any CPU.ActiveCfg = Release|Any CPU
		{80E1F47A-3365-4D72-9E2C-A8423E4B6B87}.Release|Any CPU.Build.0 = Release|Any CPU
		{BBC0F391-F8E6-4B62-A3FE-506E2C71220B}.Debug|Any CPU.ActiveCfg = Debug|Any CPU
		{BBC0F391-F8E6-4B62-A3FE-506E2C71220B}.Debug|Any CPU.Build.0 = Debug|Any CPU
		{BBC0F391-F8E6-4B62-A3FE-506E2C71220B}.Release|Any CPU.ActiveCfg = Release|Any CPU
		{BBC0F391-F8E6-4B62-A3FE-506E2C71220B}.Release|Any CPU.Build.0 = Release|Any CPU
		{E6143057-990D-4722-B3F8-0C488C83E353}.Debug|Any CPU.ActiveCfg = Debug|Any CPU
		{E6143057-990D-4722-B3F8-0C488C83E353}.Debug|Any CPU.Build.0 = Debug|Any CPU
		{E6143057-990D-4722-B3F8-0C488C83E353}.Release|Any CPU.ActiveCfg = Release|Any CPU
		{E6143057-990D-4722-B3F8-0C488C83E353}.Release|Any CPU.Build.0 = Release|Any CPU
		{FF1D8C06-B00F-4A2E-B89B-4DC87FCAAC54}.Debug|Any CPU.ActiveCfg = Debug|Any CPU
		{FF1D8C06-B00F-4A2E-B89B-4DC87FCAAC54}.Debug|Any CPU.Build.0 = Debug|Any CPU
		{FF1D8C06-B00F-4A2E-B89B-4DC87FCAAC54}.Release|Any CPU.ActiveCfg = Release|Any CPU
		{FF1D8C06-B00F-4A2E-B89B-4DC87FCAAC54}.Release|Any CPU.Build.0 = Release|Any CPU
		{D1C54E13-BF00-4B1B-BF58-80A74170429D}.Debug|Any CPU.ActiveCfg = Debug|Any CPU
		{D1C54E13-BF00-4B1B-BF58-80A74170429D}.Debug|Any CPU.Build.0 = Debug|Any CPU
		{D1C54E13-BF00-4B1B-BF58-80A74170429D}.Release|Any CPU.ActiveCfg = Release|Any CPU
		{D1C54E13-BF00-4B1B-BF58-80A74170429D}.Release|Any CPU.Build.0 = Release|Any CPU
		{C9247101-EF49-4B80-918F-666425667A60}.Debug|Any CPU.ActiveCfg = Debug|Any CPU
		{C9247101-EF49-4B80-918F-666425667A60}.Debug|Any CPU.Build.0 = Debug|Any CPU
		{C9247101-EF49-4B80-918F-666425667A60}.Release|Any CPU.ActiveCfg = Release|Any CPU
		{C9247101-EF49-4B80-918F-666425667A60}.Release|Any CPU.Build.0 = Release|Any CPU
		{9305581C-F1BF-408F-8FB9-460800524238}.Debug|Any CPU.ActiveCfg = Debug|Any CPU
		{9305581C-F1BF-408F-8FB9-460800524238}.Debug|Any CPU.Build.0 = Debug|Any CPU
		{9305581C-F1BF-408F-8FB9-460800524238}.Release|Any CPU.ActiveCfg = Release|Any CPU
		{9305581C-F1BF-408F-8FB9-460800524238}.Release|Any CPU.Build.0 = Release|Any CPU
		{1D5A3012-CA46-4EED-A2E9-FF87A0A7A7E0}.Debug|Any CPU.ActiveCfg = Debug|Any CPU
		{1D5A3012-CA46-4EED-A2E9-FF87A0A7A7E0}.Debug|Any CPU.Build.0 = Debug|Any CPU
		{1D5A3012-CA46-4EED-A2E9-FF87A0A7A7E0}.Release|Any CPU.ActiveCfg = Release|Any CPU
		{1D5A3012-CA46-4EED-A2E9-FF87A0A7A7E0}.Release|Any CPU.Build.0 = Release|Any CPU
		{4DC843CE-D63E-4F1D-8DC1-14F98E8FAA03}.Debug|Any CPU.ActiveCfg = Debug|Any CPU
		{4DC843CE-D63E-4F1D-8DC1-14F98E8FAA03}.Debug|Any CPU.Build.0 = Debug|Any CPU
		{4DC843CE-D63E-4F1D-8DC1-14F98E8FAA03}.Release|Any CPU.ActiveCfg = Release|Any CPU
		{4DC843CE-D63E-4F1D-8DC1-14F98E8FAA03}.Release|Any CPU.Build.0 = Release|Any CPU
		{C9E1709E-0094-4D2B-8F37-CAE4EFD104DF}.Debug|Any CPU.ActiveCfg = Debug|Any CPU
		{C9E1709E-0094-4D2B-8F37-CAE4EFD104DF}.Debug|Any CPU.Build.0 = Debug|Any CPU
		{C9E1709E-0094-4D2B-8F37-CAE4EFD104DF}.Release|Any CPU.ActiveCfg = Release|Any CPU
		{C9E1709E-0094-4D2B-8F37-CAE4EFD104DF}.Release|Any CPU.Build.0 = Release|Any CPU
		{4E178AF4-EAAA-48D0-B2EF-5A51B70D6D2A}.Debug|Any CPU.ActiveCfg = Debug|Any CPU
		{4E178AF4-EAAA-48D0-B2EF-5A51B70D6D2A}.Debug|Any CPU.Build.0 = Debug|Any CPU
		{4E178AF4-EAAA-48D0-B2EF-5A51B70D6D2A}.Release|Any CPU.ActiveCfg = Release|Any CPU
		{4E178AF4-EAAA-48D0-B2EF-5A51B70D6D2A}.Release|Any CPU.Build.0 = Release|Any CPU
		{4A20732B-901A-4F21-A5CE-61DC167EADFA}.Debug|Any CPU.ActiveCfg = Debug|Any CPU
		{4A20732B-901A-4F21-A5CE-61DC167EADFA}.Debug|Any CPU.Build.0 = Debug|Any CPU
		{4A20732B-901A-4F21-A5CE-61DC167EADFA}.Release|Any CPU.ActiveCfg = Release|Any CPU
		{4A20732B-901A-4F21-A5CE-61DC167EADFA}.Release|Any CPU.Build.0 = Release|Any CPU
		{7EB161F9-5761-4AAE-83D8-B58FCB82B848}.Debug|Any CPU.ActiveCfg = Debug|Any CPU
		{7EB161F9-5761-4AAE-83D8-B58FCB82B848}.Debug|Any CPU.Build.0 = Debug|Any CPU
		{7EB161F9-5761-4AAE-83D8-B58FCB82B848}.Release|Any CPU.ActiveCfg = Release|Any CPU
		{7EB161F9-5761-4AAE-83D8-B58FCB82B848}.Release|Any CPU.Build.0 = Release|Any CPU
		{18BF80E4-F675-4697-9D7C-5263702C1C66}.Debug|Any CPU.ActiveCfg = Debug|Any CPU
		{18BF80E4-F675-4697-9D7C-5263702C1C66}.Debug|Any CPU.Build.0 = Debug|Any CPU
		{18BF80E4-F675-4697-9D7C-5263702C1C66}.Release|Any CPU.ActiveCfg = Release|Any CPU
		{18BF80E4-F675-4697-9D7C-5263702C1C66}.Release|Any CPU.Build.0 = Release|Any CPU
		{8E2061E7-E706-48CF-8281-BF42E3052F37}.Debug|Any CPU.ActiveCfg = Debug|Any CPU
		{8E2061E7-E706-48CF-8281-BF42E3052F37}.Debug|Any CPU.Build.0 = Debug|Any CPU
		{8E2061E7-E706-48CF-8281-BF42E3052F37}.Release|Any CPU.ActiveCfg = Release|Any CPU
		{8E2061E7-E706-48CF-8281-BF42E3052F37}.Release|Any CPU.Build.0 = Release|Any CPU
		{EDD7DC96-1CFB-4DF1-B148-83EE429E571C}.Debug|Any CPU.ActiveCfg = Debug|Any CPU
		{EDD7DC96-1CFB-4DF1-B148-83EE429E571C}.Debug|Any CPU.Build.0 = Debug|Any CPU
		{EDD7DC96-1CFB-4DF1-B148-83EE429E571C}.Release|Any CPU.ActiveCfg = Release|Any CPU
		{EDD7DC96-1CFB-4DF1-B148-83EE429E571C}.Release|Any CPU.Build.0 = Release|Any CPU
		{F26B8C7D-6D6D-44C5-A630-145AFC904371}.Debug|Any CPU.ActiveCfg = Debug|Any CPU
		{F26B8C7D-6D6D-44C5-A630-145AFC904371}.Debug|Any CPU.Build.0 = Debug|Any CPU
		{F26B8C7D-6D6D-44C5-A630-145AFC904371}.Release|Any CPU.ActiveCfg = Release|Any CPU
		{F26B8C7D-6D6D-44C5-A630-145AFC904371}.Release|Any CPU.Build.0 = Release|Any CPU
		{7046C2CA-2656-4C4A-90F6-CD87491A948C}.Debug|Any CPU.ActiveCfg = Debug|Any CPU
		{7046C2CA-2656-4C4A-90F6-CD87491A948C}.Debug|Any CPU.Build.0 = Debug|Any CPU
		{7046C2CA-2656-4C4A-90F6-CD87491A948C}.Release|Any CPU.ActiveCfg = Release|Any CPU
		{7046C2CA-2656-4C4A-90F6-CD87491A948C}.Release|Any CPU.Build.0 = Release|Any CPU
		{2DC48AB7-70BB-491B-838C-171A1FECCEE7}.Debug|Any CPU.ActiveCfg = Debug|Any CPU
		{2DC48AB7-70BB-491B-838C-171A1FECCEE7}.Debug|Any CPU.Build.0 = Debug|Any CPU
		{2DC48AB7-70BB-491B-838C-171A1FECCEE7}.Release|Any CPU.ActiveCfg = Release|Any CPU
		{2DC48AB7-70BB-491B-838C-171A1FECCEE7}.Release|Any CPU.Build.0 = Release|Any CPU
		{7CCF48E1-B197-48E5-AB4D-2B4A60C4876A}.Debug|Any CPU.ActiveCfg = Debug|Any CPU
		{7CCF48E1-B197-48E5-AB4D-2B4A60C4876A}.Debug|Any CPU.Build.0 = Debug|Any CPU
		{7CCF48E1-B197-48E5-AB4D-2B4A60C4876A}.Release|Any CPU.ActiveCfg = Release|Any CPU
		{7CCF48E1-B197-48E5-AB4D-2B4A60C4876A}.Release|Any CPU.Build.0 = Release|Any CPU
		{92C84682-78F4-42D2-B0FC-58755F60BA5D}.Debug|Any CPU.ActiveCfg = Debug|Any CPU
		{92C84682-78F4-42D2-B0FC-58755F60BA5D}.Debug|Any CPU.Build.0 = Debug|Any CPU
		{92C84682-78F4-42D2-B0FC-58755F60BA5D}.Release|Any CPU.ActiveCfg = Release|Any CPU
		{92C84682-78F4-42D2-B0FC-58755F60BA5D}.Release|Any CPU.Build.0 = Release|Any CPU
	EndGlobalSection
	GlobalSection(SolutionProperties) = preSolution
		HideSolutionNode = FALSE
	EndGlobalSection
	GlobalSection(ExtensibilityGlobals) = postSolution
		SolutionGuid = {DE580C57-902D-41E9-B958-5132936071D4}
	EndGlobalSection
EndGlobal
